
Microsoft Visual Studio Solution File, Format Version 12.00
# Blend for Visual Studio Version 17
VisualStudioVersion = 17.14.36121.58 d17.14
MinimumVisualStudioVersion = 10.0.40219.1
Project("{FAE04EC0-301F-11D3-BF4B-00C04F79EFBC}") = "GraphSolver", "GraphSolver.csproj", "{3D4AC7EA-DE44-4AE3-BF99-F6D954E9D689}"
EndProject
Global
	GlobalSection(SolutionConfigurationPlatforms) = preSolution
		Debug|Any CPU = Debug|Any CPU
		Release|Any CPU = Release|Any CPU
	EndGlobalSection
	GlobalSection(ProjectConfigurationPlatforms) = postSolution
		{3D4AC7EA-DE44-4AE3-BF99-F6D954E9D689}.Debug|Any CPU.ActiveCfg = Debug|Any CPU
		{3D4AC7EA-DE44-4AE3-BF99-F6D954E9D689}.Debug|Any CPU.Build.0 = Debug|Any CPU
		{3D4AC7EA-DE44-4AE3-BF99-F6D954E9D689}.Release|Any CPU.ActiveCfg = Release|Any CPU
		{3D4AC7EA-DE44-4AE3-BF99-F6D954E9D689}.Release|Any CPU.Build.0 = Release|Any CPU
	EndGlobalSection
	GlobalSection(SolutionProperties) = preSolution
		HideSolutionNode = FALSE
	EndGlobalSection
	GlobalSection(ExtensibilityGlobals) = postSolution
		SolutionGuid = {DF5A9791-E4FD-4680-BAB8-9BDF03B6F8A8}
	EndGlobalSection
EndGlobal
